
Microsoft Visual Studio Solution File, Format Version 12.00
# Visual Studio Version 16
VisualStudioVersion = 16.0.30523.141
MinimumVisualStudioVersion = 10.0.40219.1
Project("{FAE04EC0-301F-11D3-BF4B-00C04F79EFBC}") = "searchfight", "searchfight\searchfight.csproj", "{4BDED3C9-B5F4-40F1-9F09-8AEDBB4CC333}"
EndProject
Project("{FAE04EC0-301F-11D3-BF4B-00C04F79EFBC}") = "searchfight.logic", "searchfight.entities\searchfight.logic.csproj", "{9F2FD48A-0381-46A0-8406-FE1ED0B170A2}"
EndProject
Project("{FAE04EC0-301F-11D3-BF4B-00C04F79EFBC}") = "searchfight.model", "searchfight.model\searchfight.model.csproj", "{0A10090E-42BF-4F8C-B20A-D3701F275494}"
EndProject
Global
	GlobalSection(SolutionConfigurationPlatforms) = preSolution
		Debug|Any CPU = Debug|Any CPU
		Release|Any CPU = Release|Any CPU
	EndGlobalSection
	GlobalSection(ProjectConfigurationPlatforms) = postSolution
		{4BDED3C9-B5F4-40F1-9F09-8AEDBB4CC333}.Debug|Any CPU.ActiveCfg = Debug|Any CPU
		{4BDED3C9-B5F4-40F1-9F09-8AEDBB4CC333}.Debug|Any CPU.Build.0 = Debug|Any CPU
		{4BDED3C9-B5F4-40F1-9F09-8AEDBB4CC333}.Release|Any CPU.ActiveCfg = Release|Any CPU
		{4BDED3C9-B5F4-40F1-9F09-8AEDBB4CC333}.Release|Any CPU.Build.0 = Release|Any CPU
		{9F2FD48A-0381-46A0-8406-FE1ED0B170A2}.Debug|Any CPU.ActiveCfg = Debug|Any CPU
		{9F2FD48A-0381-46A0-8406-FE1ED0B170A2}.Debug|Any CPU.Build.0 = Debug|Any CPU
		{9F2FD48A-0381-46A0-8406-FE1ED0B170A2}.Release|Any CPU.ActiveCfg = Release|Any CPU
		{9F2FD48A-0381-46A0-8406-FE1ED0B170A2}.Release|Any CPU.Build.0 = Release|Any CPU
		{0A10090E-42BF-4F8C-B20A-D3701F275494}.Debug|Any CPU.ActiveCfg = Debug|Any CPU
		{0A10090E-42BF-4F8C-B20A-D3701F275494}.Debug|Any CPU.Build.0 = Debug|Any CPU
		{0A10090E-42BF-4F8C-B20A-D3701F275494}.Release|Any CPU.ActiveCfg = Release|Any CPU
		{0A10090E-42BF-4F8C-B20A-D3701F275494}.Release|Any CPU.Build.0 = Release|Any CPU
	EndGlobalSection
	GlobalSection(SolutionProperties) = preSolution
		HideSolutionNode = FALSE
	EndGlobalSection
	GlobalSection(ExtensibilityGlobals) = postSolution
		SolutionGuid = {3D730B5A-31CD-4F10-BDFE-A4DA36F5D1C5}
	EndGlobalSection
EndGlobal
